
Microsoft Visual Studio Solution File, Format Version 12.00
Project("{FAE04EC0-301F-11D3-BF4B-00C04F79EFBC}") = "Day1", "Day1\Day1.csproj", "{B6673151-655C-4BF5-9DE6-1E3A9E22FF1D}"
EndProject
Project("{FAE04EC0-301F-11D3-BF4B-00C04F79EFBC}") = "Day2", "Day2\Day2.csproj", "{8DA53EE6-150C-44CE-B78D-1BCE1A5AFCDA}"
EndProject
Project("{FAE04EC0-301F-11D3-BF4B-00C04F79EFBC}") = "Day3", "Day3\Day3.csproj", "{92D96FC5-381B-43A5-B362-C7EBFC11E70C}"
EndProject
Project("{FAE04EC0-301F-11D3-BF4B-00C04F79EFBC}") = "Day4", "Day4\Day4.csproj", "{075BABFC-222F-469A-A4F4-508686AEC03D}"
EndProject
Project("{FAE04EC0-301F-11D3-BF4B-00C04F79EFBC}") = "Day5", "Day5\Day5.csproj", "{D65FB74E-1158-42DA-BE92-22B6A8802D8B}"
EndProject
Project("{FAE04EC0-301F-11D3-BF4B-00C04F79EFBC}") = "Day6", "Day6\Day6.csproj", "{DF6457BC-7AEF-4362-BD41-C171E283B8DD}"
EndProject
Project("{FAE04EC0-301F-11D3-BF4B-00C04F79EFBC}") = "Day7", "Day7\Day7.csproj", "{96A65F72-0765-4C06-BFAD-2602E0DF2E19}"
EndProject
Project("{FAE04EC0-301F-11D3-BF4B-00C04F79EFBC}") = "Day8", "Day8\Day8.csproj", "{A3CD2B12-C8E2-431B-A590-EE7C406B49C7}"
EndProject
Project("{FAE04EC0-301F-11D3-BF4B-00C04F79EFBC}") = "Day9", "Day9\Day9.csproj", "{C526887F-0947-4644-AA5B-AB6281B44ECC}"
EndProject
Project("{FAE04EC0-301F-11D3-BF4B-00C04F79EFBC}") = "Day10", "Day10\Day10.csproj", "{9B416333-A425-4EBF-9305-40A2888D445C}"
EndProject
Project("{FAE04EC0-301F-11D3-BF4B-00C04F79EFBC}") = "Common", "Common\Common.csproj", "{1356425A-2594-4677-84A6-AA0D6F310E13}"
EndProject
Project("{FAE04EC0-301F-11D3-BF4B-00C04F79EFBC}") = "Day11", "Day11\Day11.csproj", "{A5179C9D-AA88-4F9A-9797-9668DB0DCD54}"
EndProject
Project("{FAE04EC0-301F-11D3-BF4B-00C04F79EFBC}") = "Day12", "Day12\Day12.csproj", "{7DAA5C4D-3D62-4E56-97FE-FF1A3D35B7D2}"
EndProject
Project("{FAE04EC0-301F-11D3-BF4B-00C04F79EFBC}") = "Day13", "Day13\Day13.csproj", "{2B543B63-FFD3-4A42-93B2-23BDFEBA0EE4}"
EndProject
Project("{FAE04EC0-301F-11D3-BF4B-00C04F79EFBC}") = "Day14", "Day14\Day14.csproj", "{46A63F35-3856-4588-9B14-E7760AA6DFA0}"
EndProject
Project("{FAE04EC0-301F-11D3-BF4B-00C04F79EFBC}") = "Day15", "Day15\Day15.csproj", "{48413567-BB84-4CAB-8936-F455399C4D5C}"
EndProject
Global
	GlobalSection(SolutionConfigurationPlatforms) = preSolution
		Debug|Any CPU = Debug|Any CPU
		Release|Any CPU = Release|Any CPU
	EndGlobalSection
	GlobalSection(ProjectConfigurationPlatforms) = postSolution
		{B6673151-655C-4BF5-9DE6-1E3A9E22FF1D}.Debug|Any CPU.ActiveCfg = Debug|Any CPU
		{B6673151-655C-4BF5-9DE6-1E3A9E22FF1D}.Debug|Any CPU.Build.0 = Debug|Any CPU
		{B6673151-655C-4BF5-9DE6-1E3A9E22FF1D}.Release|Any CPU.ActiveCfg = Release|Any CPU
		{B6673151-655C-4BF5-9DE6-1E3A9E22FF1D}.Release|Any CPU.Build.0 = Release|Any CPU
		{8DA53EE6-150C-44CE-B78D-1BCE1A5AFCDA}.Debug|Any CPU.ActiveCfg = Debug|Any CPU
		{8DA53EE6-150C-44CE-B78D-1BCE1A5AFCDA}.Debug|Any CPU.Build.0 = Debug|Any CPU
		{8DA53EE6-150C-44CE-B78D-1BCE1A5AFCDA}.Release|Any CPU.ActiveCfg = Release|Any CPU
		{8DA53EE6-150C-44CE-B78D-1BCE1A5AFCDA}.Release|Any CPU.Build.0 = Release|Any CPU
		{92D96FC5-381B-43A5-B362-C7EBFC11E70C}.Debug|Any CPU.ActiveCfg = Debug|Any CPU
		{92D96FC5-381B-43A5-B362-C7EBFC11E70C}.Debug|Any CPU.Build.0 = Debug|Any CPU
		{92D96FC5-381B-43A5-B362-C7EBFC11E70C}.Release|Any CPU.ActiveCfg = Release|Any CPU
		{92D96FC5-381B-43A5-B362-C7EBFC11E70C}.Release|Any CPU.Build.0 = Release|Any CPU
		{075BABFC-222F-469A-A4F4-508686AEC03D}.Debug|Any CPU.ActiveCfg = Debug|Any CPU
		{075BABFC-222F-469A-A4F4-508686AEC03D}.Debug|Any CPU.Build.0 = Debug|Any CPU
		{075BABFC-222F-469A-A4F4-508686AEC03D}.Release|Any CPU.ActiveCfg = Release|Any CPU
		{075BABFC-222F-469A-A4F4-508686AEC03D}.Release|Any CPU.Build.0 = Release|Any CPU
		{D65FB74E-1158-42DA-BE92-22B6A8802D8B}.Debug|Any CPU.ActiveCfg = Debug|Any CPU
		{D65FB74E-1158-42DA-BE92-22B6A8802D8B}.Debug|Any CPU.Build.0 = Debug|Any CPU
		{D65FB74E-1158-42DA-BE92-22B6A8802D8B}.Release|Any CPU.ActiveCfg = Release|Any CPU
		{D65FB74E-1158-42DA-BE92-22B6A8802D8B}.Release|Any CPU.Build.0 = Release|Any CPU
		{DF6457BC-7AEF-4362-BD41-C171E283B8DD}.Debug|Any CPU.ActiveCfg = Debug|Any CPU
		{DF6457BC-7AEF-4362-BD41-C171E283B8DD}.Debug|Any CPU.Build.0 = Debug|Any CPU
		{DF6457BC-7AEF-4362-BD41-C171E283B8DD}.Release|Any CPU.ActiveCfg = Release|Any CPU
		{DF6457BC-7AEF-4362-BD41-C171E283B8DD}.Release|Any CPU.Build.0 = Release|Any CPU
		{96A65F72-0765-4C06-BFAD-2602E0DF2E19}.Debug|Any CPU.ActiveCfg = Debug|Any CPU
		{96A65F72-0765-4C06-BFAD-2602E0DF2E19}.Debug|Any CPU.Build.0 = Debug|Any CPU
		{96A65F72-0765-4C06-BFAD-2602E0DF2E19}.Release|Any CPU.ActiveCfg = Release|Any CPU
		{96A65F72-0765-4C06-BFAD-2602E0DF2E19}.Release|Any CPU.Build.0 = Release|Any CPU
		{A3CD2B12-C8E2-431B-A590-EE7C406B49C7}.Debug|Any CPU.ActiveCfg = Debug|Any CPU
		{A3CD2B12-C8E2-431B-A590-EE7C406B49C7}.Debug|Any CPU.Build.0 = Debug|Any CPU
		{A3CD2B12-C8E2-431B-A590-EE7C406B49C7}.Release|Any CPU.ActiveCfg = Release|Any CPU
		{A3CD2B12-C8E2-431B-A590-EE7C406B49C7}.Release|Any CPU.Build.0 = Release|Any CPU
		{C526887F-0947-4644-AA5B-AB6281B44ECC}.Debug|Any CPU.ActiveCfg = Debug|Any CPU
		{C526887F-0947-4644-AA5B-AB6281B44ECC}.Debug|Any CPU.Build.0 = Debug|Any CPU
		{C526887F-0947-4644-AA5B-AB6281B44ECC}.Release|Any CPU.ActiveCfg = Release|Any CPU
		{C526887F-0947-4644-AA5B-AB6281B44ECC}.Release|Any CPU.Build.0 = Release|Any CPU
		{9B416333-A425-4EBF-9305-40A2888D445C}.Debug|Any CPU.ActiveCfg = Debug|Any CPU
		{9B416333-A425-4EBF-9305-40A2888D445C}.Debug|Any CPU.Build.0 = Debug|Any CPU
		{9B416333-A425-4EBF-9305-40A2888D445C}.Release|Any CPU.ActiveCfg = Release|Any CPU
		{9B416333-A425-4EBF-9305-40A2888D445C}.Release|Any CPU.Build.0 = Release|Any CPU
		{1356425A-2594-4677-84A6-AA0D6F310E13}.Debug|Any CPU.ActiveCfg = Debug|Any CPU
		{1356425A-2594-4677-84A6-AA0D6F310E13}.Debug|Any CPU.Build.0 = Debug|Any CPU
		{1356425A-2594-4677-84A6-AA0D6F310E13}.Release|Any CPU.ActiveCfg = Release|Any CPU
		{1356425A-2594-4677-84A6-AA0D6F310E13}.Release|Any CPU.Build.0 = Release|Any CPU
		{A5179C9D-AA88-4F9A-9797-9668DB0DCD54}.Debug|Any CPU.ActiveCfg = Debug|Any CPU
		{A5179C9D-AA88-4F9A-9797-9668DB0DCD54}.Debug|Any CPU.Build.0 = Debug|Any CPU
		{A5179C9D-AA88-4F9A-9797-9668DB0DCD54}.Release|Any CPU.ActiveCfg = Release|Any CPU
		{A5179C9D-AA88-4F9A-9797-9668DB0DCD54}.Release|Any CPU.Build.0 = Release|Any CPU
		{7DAA5C4D-3D62-4E56-97FE-FF1A3D35B7D2}.Debug|Any CPU.ActiveCfg = Debug|Any CPU
		{7DAA5C4D-3D62-4E56-97FE-FF1A3D35B7D2}.Debug|Any CPU.Build.0 = Debug|Any CPU
		{7DAA5C4D-3D62-4E56-97FE-FF1A3D35B7D2}.Release|Any CPU.ActiveCfg = Release|Any CPU
		{7DAA5C4D-3D62-4E56-97FE-FF1A3D35B7D2}.Release|Any CPU.Build.0 = Release|Any CPU
		{2B543B63-FFD3-4A42-93B2-23BDFEBA0EE4}.Debug|Any CPU.ActiveCfg = Debug|Any CPU
		{2B543B63-FFD3-4A42-93B2-23BDFEBA0EE4}.Debug|Any CPU.Build.0 = Debug|Any CPU
		{2B543B63-FFD3-4A42-93B2-23BDFEBA0EE4}.Release|Any CPU.ActiveCfg = Release|Any CPU
		{2B543B63-FFD3-4A42-93B2-23BDFEBA0EE4}.Release|Any CPU.Build.0 = Release|Any CPU
		{46A63F35-3856-4588-9B14-E7760AA6DFA0}.Debug|Any CPU.ActiveCfg = Debug|Any CPU
		{46A63F35-3856-4588-9B14-E7760AA6DFA0}.Debug|Any CPU.Build.0 = Debug|Any CPU
		{46A63F35-3856-4588-9B14-E7760AA6DFA0}.Release|Any CPU.ActiveCfg = Release|Any CPU
		{46A63F35-3856-4588-9B14-E7760AA6DFA0}.Release|Any CPU.Build.0 = Release|Any CPU
		{48413567-BB84-4CAB-8936-F455399C4D5C}.Debug|Any CPU.ActiveCfg = Debug|Any CPU
		{48413567-BB84-4CAB-8936-F455399C4D5C}.Debug|Any CPU.Build.0 = Debug|Any CPU
		{48413567-BB84-4CAB-8936-F455399C4D5C}.Release|Any CPU.ActiveCfg = Release|Any CPU
		{48413567-BB84-4CAB-8936-F455399C4D5C}.Release|Any CPU.Build.0 = Release|Any CPU
	EndGlobalSection
EndGlobal
